
Microsoft Visual Studio Solution File, Format Version 12.00
# Visual Studio Version 17
VisualStudioVersion = 17.2.32630.192
MinimumVisualStudioVersion = 10.0.40219.1
Project("{FAE04EC0-301F-11D3-BF4B-00C04F79EFBC}") = "WeWrite", "WeWrite\WeWrite.csproj", "{1E3AE8CE-20D3-4644-8D53-DCE9746E5EF2}"
EndProject
Global
	GlobalSection(SolutionConfigurationPlatforms) = preSolution
		Debug|Any CPU = Debug|Any CPU
		Release|Any CPU = Release|Any CPU
	EndGlobalSection
	GlobalSection(ProjectConfigurationPlatforms) = postSolution
		{1E3AE8CE-20D3-4644-8D53-DCE9746E5EF2}.Debug|Any CPU.ActiveCfg = Debug|Any CPU
		{1E3AE8CE-20D3-4644-8D53-DCE9746E5EF2}.Debug|Any CPU.Build.0 = Debug|Any CPU
		{1E3AE8CE-20D3-4644-8D53-DCE9746E5EF2}.Release|Any CPU.ActiveCfg = Release|Any CPU
		{1E3AE8CE-20D3-4644-8D53-DCE9746E5EF2}.Release|Any CPU.Build.0 = Release|Any CPU
	EndGlobalSection
	GlobalSection(SolutionProperties) = preSolution
		HideSolutionNode = FALSE
	EndGlobalSection
	GlobalSection(ExtensibilityGlobals) = postSolution
		SolutionGuid = {B344635B-2119-41A6-9C51-A8C5A2821454}
	EndGlobalSection
EndGlobal
